
Microsoft Visual Studio Solution File, Format Version 12.00
# Visual Studio Version 16
VisualStudioVersion = 16.0.29709.97
MinimumVisualStudioVersion = 10.0.40219.1
Project("{FAE04EC0-301F-11D3-BF4B-00C04F79EFBC}") = "CSharpAdvanced_ITEA_2020", "CSharpAdvanced_ITEA_2020\CSharpAdvanced_ITEA_2020.csproj", "{4800EB4A-D41C-4489-A973-198FC6429F6C}"
EndProject
Project("{9A19103F-16F7-4668-BE54-9A1E7A4F7556}") = "Lesson_1", "Lesson_1\Lesson_1.csproj", "{2B4243B3-B22C-4674-ADBC-1701D4C4FE1C}"
EndProject
Project("{FAE04EC0-301F-11D3-BF4B-00C04F79EFBC}") = "Text correction program", "Text correction program\Text correction program.csproj", "{DF4CF848-FBAB-4EF8-8217-CF60070CE093}"
EndProject
Project("{FAE04EC0-301F-11D3-BF4B-00C04F79EFBC}") = "Lesson_2", "Lesson_2\Lesson_2.csproj", "{F529B51D-D16E-4777-8DA8-C633DBA6BA96}"
EndProject
Global
	GlobalSection(SolutionConfigurationPlatforms) = preSolution
		Debug|Any CPU = Debug|Any CPU
		Release|Any CPU = Release|Any CPU
	EndGlobalSection
	GlobalSection(ProjectConfigurationPlatforms) = postSolution
		{4800EB4A-D41C-4489-A973-198FC6429F6C}.Debug|Any CPU.ActiveCfg = Debug|Any CPU
		{4800EB4A-D41C-4489-A973-198FC6429F6C}.Debug|Any CPU.Build.0 = Debug|Any CPU
		{4800EB4A-D41C-4489-A973-198FC6429F6C}.Release|Any CPU.ActiveCfg = Release|Any CPU
		{4800EB4A-D41C-4489-A973-198FC6429F6C}.Release|Any CPU.Build.0 = Release|Any CPU
		{2B4243B3-B22C-4674-ADBC-1701D4C4FE1C}.Debug|Any CPU.ActiveCfg = Debug|Any CPU
		{2B4243B3-B22C-4674-ADBC-1701D4C4FE1C}.Debug|Any CPU.Build.0 = Debug|Any CPU
		{2B4243B3-B22C-4674-ADBC-1701D4C4FE1C}.Release|Any CPU.ActiveCfg = Release|Any CPU
		{2B4243B3-B22C-4674-ADBC-1701D4C4FE1C}.Release|Any CPU.Build.0 = Release|Any CPU
		{DF4CF848-FBAB-4EF8-8217-CF60070CE093}.Debug|Any CPU.ActiveCfg = Debug|Any CPU
		{DF4CF848-FBAB-4EF8-8217-CF60070CE093}.Debug|Any CPU.Build.0 = Debug|Any CPU
		{DF4CF848-FBAB-4EF8-8217-CF60070CE093}.Release|Any CPU.ActiveCfg = Release|Any CPU
		{DF4CF848-FBAB-4EF8-8217-CF60070CE093}.Release|Any CPU.Build.0 = Release|Any CPU
		{F529B51D-D16E-4777-8DA8-C633DBA6BA96}.Debug|Any CPU.ActiveCfg = Debug|Any CPU
		{F529B51D-D16E-4777-8DA8-C633DBA6BA96}.Debug|Any CPU.Build.0 = Debug|Any CPU
		{F529B51D-D16E-4777-8DA8-C633DBA6BA96}.Release|Any CPU.ActiveCfg = Release|Any CPU
		{F529B51D-D16E-4777-8DA8-C633DBA6BA96}.Release|Any CPU.Build.0 = Release|Any CPU
	EndGlobalSection
	GlobalSection(SolutionProperties) = preSolution
		HideSolutionNode = FALSE
	EndGlobalSection
	GlobalSection(ExtensibilityGlobals) = postSolution
		SolutionGuid = {380EA97B-5607-4D09-8601-DB9FD0B64EF5}
	EndGlobalSection
EndGlobal
